// !$*UTF8*$!
{
	archiveVersion = 1;
	classes = {
	};
	objectVersion = 55;
	objects = {

/* Begin PBXBuildFile section */
		FE19CCCD28D360C70035B161 /* landmarkData.json in Resources */ = {isa = PBXBuildFile; fileRef = FE19CCCC28D360C70035B161 /* landmarkData.json */; };
		FE19CCCF28D360FE0035B161 /* Landmark.swift in Sources */ = {isa = PBXBuildFile; fileRef = FE19CCCE28D360FE0035B161 /* Landmark.swift */; };
		FE19CCD128D36F740035B161 /* ModelData.swift in Sources */ = {isa = PBXBuildFile; fileRef = FE19CCD028D36F740035B161 /* ModelData.swift */; };
		FE19CCD628D3721B0035B161 /* LandmarkRow.swift in Sources */ = {isa = PBXBuildFile; fileRef = FE19CCD528D3721B0035B161 /* LandmarkRow.swift */; };
		FE19CCD828D620F60035B161 /* LandmarkList.swift in Sources */ = {isa = PBXBuildFile; fileRef = FE19CCD728D620F60035B161 /* LandmarkList.swift */; };
		FE19CCDA28D621CD0035B161 /* LandmarkDetails.swift in Sources */ = {isa = PBXBuildFile; fileRef = FE19CCD928D621CD0035B161 /* LandmarkDetails.swift */; };
		FEE1B5A428CE225B0027FDDB /* CircleImage.swift in Sources */ = {isa = PBXBuildFile; fileRef = FEE1B5A328CE225B0027FDDB /* CircleImage.swift */; };
		FEE1B5A628CE232E0027FDDB /* MapView.swift in Sources */ = {isa = PBXBuildFile; fileRef = FEE1B5A528CE232E0027FDDB /* MapView.swift */; };
		FEEBC66428CDE6620027844F /* SwiftUIPracticeApp.swift in Sources */ = {isa = PBXBuildFile; fileRef = FEEBC66328CDE6620027844F /* SwiftUIPracticeApp.swift */; };
		FEEBC66628CDE6620027844F /* ContentView.swift in Sources */ = {isa = PBXBuildFile; fileRef = FEEBC66528CDE6620027844F /* ContentView.swift */; };
		FEEBC66828CDE6640027844F /* Assets.xcassets in Resources */ = {isa = PBXBuildFile; fileRef = FEEBC66728CDE6640027844F /* Assets.xcassets */; };
		FEEBC66B28CDE6640027844F /* Preview Assets.xcassets in Resources */ = {isa = PBXBuildFile; fileRef = FEEBC66A28CDE6640027844F /* Preview Assets.xcassets */; };
/* End PBXBuildFile section */

/* Begin PBXFileReference section */
		FE19CCCC28D360C70035B161 /* landmarkData.json */ = {isa = PBXFileReference; fileEncoding = 4; lastKnownFileType = text.json; path = landmarkData.json; sourceTree = "<group>"; };
		FE19CCCE28D360FE0035B161 /* Landmark.swift */ = {isa = PBXFileReference; lastKnownFileType = sourcecode.swift; path = Landmark.swift; sourceTree = "<group>"; };
		FE19CCD028D36F740035B161 /* ModelData.swift */ = {isa = PBXFileReference; lastKnownFileType = sourcecode.swift; path = ModelData.swift; sourceTree = "<group>"; };
		FE19CCD528D3721B0035B161 /* LandmarkRow.swift */ = {isa = PBXFileReference; lastKnownFileType = sourcecode.swift; path = LandmarkRow.swift; sourceTree = "<group>"; };
		FE19CCD728D620F60035B161 /* LandmarkList.swift */ = {isa = PBXFileReference; lastKnownFileType = sourcecode.swift; path = LandmarkList.swift; sourceTree = "<group>"; };
		FE19CCD928D621CD0035B161 /* LandmarkDetails.swift */ = {isa = PBXFileReference; lastKnownFileType = sourcecode.swift; path = LandmarkDetails.swift; sourceTree = "<group>"; };
		FEE1B5A328CE225B0027FDDB /* CircleImage.swift */ = {isa = PBXFileReference; lastKnownFileType = sourcecode.swift; path = CircleImage.swift; sourceTree = "<group>"; };
		FEE1B5A528CE232E0027FDDB /* MapView.swift */ = {isa = PBXFileReference; lastKnownFileType = sourcecode.swift; path = MapView.swift; sourceTree = "<group>"; };
		FEEBC66028CDE6620027844F /* SwiftUIPractice.app */ = {isa = PBXFileReference; explicitFileType = wrapper.application; includeInIndex = 0; path = SwiftUIPractice.app; sourceTree = BUILT_PRODUCTS_DIR; };
		FEEBC66328CDE6620027844F /* SwiftUIPracticeApp.swift */ = {isa = PBXFileReference; lastKnownFileType = sourcecode.swift; path = SwiftUIPracticeApp.swift; sourceTree = "<group>"; };
		FEEBC66528CDE6620027844F /* ContentView.swift */ = {isa = PBXFileReference; lastKnownFileType = sourcecode.swift; path = ContentView.swift; sourceTree = "<group>"; };
		FEEBC66728CDE6640027844F /* Assets.xcassets */ = {isa = PBXFileReference; lastKnownFileType = folder.assetcatalog; path = Assets.xcassets; sourceTree = "<group>"; };
		FEEBC66A28CDE6640027844F /* Preview Assets.xcassets */ = {isa = PBXFileReference; lastKnownFileType = folder.assetcatalog; path = "Preview Assets.xcassets"; sourceTree = "<group>"; };
/* End PBXFileReference section */

/* Begin PBXFrameworksBuildPhase section */
		FEEBC65D28CDE6620027844F /* Frameworks */ = {
			isa = PBXFrameworksBuildPhase;
			buildActionMask = 2147483647;
			files = (
			);
			runOnlyForDeploymentPostprocessing = 0;
		};
/* End PBXFrameworksBuildPhase section */

/* Begin PBXGroup section */
		FE19CCD228D371A80035B161 /* Views */ = {
			isa = PBXGroup;
			children = (
				FEEBC66528CDE6620027844F /* ContentView.swift */,
				FEE1B5A328CE225B0027FDDB /* CircleImage.swift */,
				FEE1B5A528CE232E0027FDDB /* MapView.swift */,
				FE19CCD528D3721B0035B161 /* LandmarkRow.swift */,
				FE19CCD728D620F60035B161 /* LandmarkList.swift */,
				FE19CCD928D621CD0035B161 /* LandmarkDetails.swift */,
			);
			path = Views;
			sourceTree = "<group>";
		};
		FE19CCD328D371BB0035B161 /* Model */ = {
			isa = PBXGroup;
			children = (
				FE19CCCE28D360FE0035B161 /* Landmark.swift */,
				FE19CCD028D36F740035B161 /* ModelData.swift */,
			);
			path = Model;
			sourceTree = "<group>";
		};
		FE19CCD428D371C00035B161 /* Resources */ = {
			isa = PBXGroup;
			children = (
				FE19CCCC28D360C70035B161 /* landmarkData.json */,
			);
			path = Resources;
			sourceTree = "<group>";
		};
		FEEBC65728CDE6620027844F = {
			isa = PBXGroup;
			children = (
				FEEBC66228CDE6620027844F /* SwiftUIPractice */,
				FEEBC66128CDE6620027844F /* Products */,
			);
			sourceTree = "<group>";
		};
		FEEBC66128CDE6620027844F /* Products */ = {
			isa = PBXGroup;
			children = (
				FEEBC66028CDE6620027844F /* SwiftUIPractice.app */,
			);
			name = Products;
			sourceTree = "<group>";
		};
		FEEBC66228CDE6620027844F /* SwiftUIPractice */ = {
			isa = PBXGroup;
			children = (
				FEEBC66328CDE6620027844F /* SwiftUIPracticeApp.swift */,
				FE19CCD228D371A80035B161 /* Views */,
				FE19CCD428D371C00035B161 /* Resources */,
				FE19CCD328D371BB0035B161 /* Model */,
				FEEBC66728CDE6640027844F /* Assets.xcassets */,
				FEEBC66928CDE6640027844F /* Preview Content */,
			);
			path = SwiftUIPractice;
			sourceTree = "<group>";
		};
		FEEBC66928CDE6640027844F /* Preview Content */ = {
			isa = PBXGroup;
			children = (
				FEEBC66A28CDE6640027844F /* Preview Assets.xcassets */,
			);
			path = "Preview Content";
			sourceTree = "<group>";
		};
/* End PBXGroup section */

/* Begin PBXNativeTarget section */
		FEEBC65F28CDE6620027844F /* SwiftUIPractice */ = {
			isa = PBXNativeTarget;
			buildConfigurationList = FEEBC66E28CDE6640027844F /* Build configuration list for PBXNativeTarget "SwiftUIPractice" */;
			buildPhases = (
				FEEBC65C28CDE6620027844F /* Sources */,
				FEEBC65D28CDE6620027844F /* Frameworks */,
				FEEBC65E28CDE6620027844F /* Resources */,
			);
			buildRules = (
			);
			dependencies = (
			);
			name = SwiftUIPractice;
			productName = SwiftUIPractice;
			productReference = FEEBC66028CDE6620027844F /* SwiftUIPractice.app */;
			productType = "com.apple.product-type.application";
		};
/* End PBXNativeTarget section */

/* Begin PBXProject section */
		FEEBC65828CDE6620027844F /* Project object */ = {
			isa = PBXProject;
			attributes = {
				BuildIndependentTargetsInParallel = 1;
				LastSwiftUpdateCheck = 1340;
				LastUpgradeCheck = 1340;
				TargetAttributes = {
					FEEBC65F28CDE6620027844F = {
						CreatedOnToolsVersion = 13.4.1;
					};
				};
			};
			buildConfigurationList = FEEBC65B28CDE6620027844F /* Build configuration list for PBXProject "SwiftUIPractice" */;
			compatibilityVersion = "Xcode 13.0";
			developmentRegion = en;
			hasScannedForEncodings = 0;
			knownRegions = (
				en,
				Base,
			);
			mainGroup = FEEBC65728CDE6620027844F;
			productRefGroup = FEEBC66128CDE6620027844F /* Products */;
			projectDirPath = "";
			projectRoot = "";
			targets = (
				FEEBC65F28CDE6620027844F /* SwiftUIPractice */,
			);
		};
/* End PBXProject section */

/* Begin PBXResourcesBuildPhase section */
		FEEBC65E28CDE6620027844F /* Resources */ = {
			isa = PBXResourcesBuildPhase;
			buildActionMask = 2147483647;
			files = (
				FEEBC66B28CDE6640027844F /* Preview Assets.xcassets in Resources */,
				FEEBC66828CDE6640027844F /* Assets.xcassets in Resources */,
				FE19CCCD28D360C70035B161 /* landmarkData.json in Resources */,
			);
			runOnlyForDeploymentPostprocessing = 0;
		};
/* End PBXResourcesBuildPhase section */

/* Begin PBXSourcesBuildPhase section */
		FEEBC65C28CDE6620027844F /* Sources */ = {
			isa = PBXSourcesBuildPhase;
			buildActionMask = 2147483647;
			files = (
				FE19CCCF28D360FE0035B161 /* Landmark.swift in Sources */,
				FEEBC66628CDE6620027844F /* ContentView.swift in Sources */,
				FEE1B5A628CE232E0027FDDB /* MapView.swift in Sources */,
				FE19CCD828D620F60035B161 /* LandmarkList.swift in Sources */,
				FEEBC66428CDE6620027844F /* SwiftUIPracticeApp.swift in Sources */,
				FEE1B5A428CE225B0027FDDB /* CircleImage.swift in Sources */,
				FE19CCD628D3721B0035B161 /* LandmarkRow.swift in Sources */,
				FE19CCD128D36F740035B161 /* ModelData.swift in Sources */,
				FE19CCDA28D621CD0035B161 /* LandmarkDetails.swift in Sources */,
			);
			runOnlyForDeploymentPostprocessing = 0;
		};
/* End PBXSourcesBuildPhase section */

/* Begin XCBuildConfiguration section */
		FEEBC66C28CDE6640027844F /* Debug */ = {
			isa = XCBuildConfiguration;
			buildSettings = {
				ALWAYS_SEARCH_USER_PATHS = NO;
				CLANG_ANALYZER_NONNULL = YES;
				CLANG_ANALYZER_NUMBER_OBJECT_CONVERSION = YES_AGGRESSIVE;
				CLANG_CXX_LANGUAGE_STANDARD = "gnu++17";
				CLANG_ENABLE_MODULES = YES;
				CLANG_ENABLE_OBJC_ARC = YES;
				CLANG_ENABLE_OBJC_WEAK = YES;
				CLANG_WARN_BLOCK_CAPTURE_AUTORELEASING = YES;
				CLANG_WARN_BOOL_CONVERSION = YES;
				CLANG_WARN_COMMA = YES;
				CLANG_WARN_CONSTANT_CONVERSION = YES;
				CLANG_WARN_DEPRECATED_OBJC_IMPLEMENTATIONS = YES;
				CLANG_WARN_DIRECT_OBJC_ISA_USAGE = YES_ERROR;
				CLANG_WARN_DOCUMENTATION_COMMENTS = YES;
				CLANG_WARN_EMPTY_BODY = YES;
				CLANG_WARN_ENUM_CONVERSION = YES;
				CLANG_WARN_INFINITE_RECURSION = YES;
				CLANG_WARN_INT_CONVERSION = YES;
				CLANG_WARN_NON_LITERAL_NULL_CONVERSION = YES;
				CLANG_WARN_OBJC_IMPLICIT_RETAIN_SELF = YES;
				CLANG_WARN_OBJC_LITERAL_CONVERSION = YES;
				CLANG_WARN_OBJC_ROOT_CLASS = YES_ERROR;
				CLANG_WARN_QUOTED_INCLUDE_IN_FRAMEWORK_HEADER = YES;
				CLANG_WARN_RANGE_LOOP_ANALYSIS = YES;
				CLANG_WARN_STRICT_PROTOTYPES = YES;
				CLANG_WARN_SUSPICIOUS_MOVE = YES;
				CLANG_WARN_UNGUARDED_AVAILABILITY = YES_AGGRESSIVE;
				CLANG_WARN_UNREACHABLE_CODE = YES;
				CLANG_WARN__DUPLICATE_METHOD_MATCH = YES;
				COPY_PHASE_STRIP = NO;
				DEBUG_INFORMATION_FORMAT = dwarf;
				ENABLE_STRICT_OBJC_MSGSEND = YES;
				ENABLE_TESTABILITY = YES;
				GCC_C_LANGUAGE_STANDARD = gnu11;
				GCC_DYNAMIC_NO_PIC = NO;
				GCC_NO_COMMON_BLOCKS = YES;
				GCC_OPTIMIZATION_LEVEL = 0;
				GCC_PREPROCESSOR_DEFINITIONS = (
					"DEBUG=1",
					"$(inherited)",
				);
				GCC_WARN_64_TO_32_BIT_CONVERSION = YES;
				GCC_WARN_ABOUT_RETURN_TYPE = YES_ERROR;
				GCC_WARN_UNDECLARED_SELECTOR = YES;
				GCC_WARN_UNINITIALIZED_AUTOS = YES_AGGRESSIVE;
				GCC_WARN_UNUSED_FUNCTION = YES;
				GCC_WARN_UNUSED_VARIABLE = YES;
				IPHONEOS_DEPLOYMENT_TARGET = 15.5;
				MTL_ENABLE_DEBUG_INFO = INCLUDE_SOURCE;
				MTL_FAST_MATH = YES;
				ONLY_ACTIVE_ARCH = YES;
				SDKROOT = iphoneos;
				SWIFT_ACTIVE_COMPILATION_CONDITIONS = DEBUG;
				SWIFT_OPTIMIZATION_LEVEL = "-Onone";
			};
			name = Debug;
		};
		FEEBC66D28CDE6640027844F /* Release */ = {
			isa = XCBuildConfiguration;
			buildSettings = {
				ALWAYS_SEARCH_USER_PATHS = NO;
				CLANG_ANALYZER_NONNULL = YES;
				CLANG_ANALYZER_NUMBER_OBJECT_CONVERSION = YES_AGGRESSIVE;
				CLANG_CXX_LANGUAGE_STANDARD = "gnu++17";
				CLANG_ENABLE_MODULES = YES;
				CLANG_ENABLE_OBJC_ARC = YES;
				CLANG_ENABLE_OBJC_WEAK = YES;
				CLANG_WARN_BLOCK_CAPTURE_AUTORELEASING = YES;
				CLANG_WARN_BOOL_CONVERSION = YES;
				CLANG_WARN_COMMA = YES;
				CLANG_WARN_CONSTANT_CONVERSION = YES;
				CLANG_WARN_DEPRECATED_OBJC_IMPLEMENTATIONS = YES;
				CLANG_WARN_DIRECT_OBJC_ISA_USAGE = YES_ERROR;
				CLANG_WARN_DOCUMENTATION_COMMENTS = YES;
				CLANG_WARN_EMPTY_BODY = YES;
				CLANG_WARN_ENUM_CONVERSION = YES;
				CLANG_WARN_INFINITE_RECURSION = YES;
				CLANG_WARN_INT_CONVERSION = YES;
				CLANG_WARN_NON_LITERAL_NULL_CONVERSION = YES;
				CLANG_WARN_OBJC_IMPLICIT_RETAIN_SELF = YES;
				CLANG_WARN_OBJC_LITERAL_CONVERSION = YES;
				CLANG_WARN_OBJC_ROOT_CLASS = YES_ERROR;
				CLANG_WARN_QUOTED_INCLUDE_IN_FRAMEWORK_HEADER = YES;
				CLANG_WARN_RANGE_LOOP_ANALYSIS = YES;
				CLANG_WARN_STRICT_PROTOTYPES = YES;
				CLANG_WARN_SUSPICIOUS_MOVE = YES;
				CLANG_WARN_UNGUARDED_AVAILABILITY = YES_AGGRESSIVE;
				CLANG_WARN_UNREACHABLE_CODE = YES;
				CLANG_WARN__DUPLICATE_METHOD_MATCH = YES;
				COPY_PHASE_STRIP = NO;
				DEBUG_INFORMATION_FORMAT = "dwarf-with-dsym";
				ENABLE_NS_ASSERTIONS = NO;
				ENABLE_STRICT_OBJC_MSGSEND = YES;
				GCC_C_LANGUAGE_STANDARD = gnu11;
				GCC_NO_COMMON_BLOCKS = YES;
				GCC_WARN_64_TO_32_BIT_CONVERSION = YES;
				GCC_WARN_ABOUT_RETURN_TYPE = YES_ERROR;
				GCC_WARN_UNDECLARED_SELECTOR = YES;
				GCC_WARN_UNINITIALIZED_AUTOS = YES_AGGRESSIVE;
				GCC_WARN_UNUSED_FUNCTION = YES;
				GCC_WARN_UNUSED_VARIABLE = YES;
				IPHONEOS_DEPLOYMENT_TARGET = 15.5;
				MTL_ENABLE_DEBUG_INFO = NO;
				MTL_FAST_MATH = YES;
				SDKROOT = iphoneos;
				SWIFT_COMPILATION_MODE = wholemodule;
				SWIFT_OPTIMIZATION_LEVEL = "-O";
				VALIDATE_PRODUCT = YES;
			};
			name = Release;
		};
		FEEBC66F28CDE6640027844F /* Debug */ = {
			isa = XCBuildConfiguration;
			buildSettings = {
				ASSETCATALOG_COMPILER_APPICON_NAME = AppIcon;
				ASSETCATALOG_COMPILER_GLOBAL_ACCENT_COLOR_NAME = AccentColor;
				CODE_SIGN_STYLE = Automatic;
				CURRENT_PROJECT_VERSION = 1;
				DEVELOPMENT_ASSET_PATHS = "\"SwiftUIPractice/Preview Content\"";
				DEVELOPMENT_TEAM = NNJ9X2K872;
				ENABLE_PREVIEWS = YES;
				GENERATE_INFOPLIST_FILE = YES;
				INFOPLIST_KEY_UIApplicationSceneManifest_Generation = YES;
				INFOPLIST_KEY_UIApplicationSupportsIndirectInputEvents = YES;
				INFOPLIST_KEY_UILaunchScreen_Generation = YES;
				INFOPLIST_KEY_UISupportedInterfaceOrientations_iPad = "UIInterfaceOrientationPortrait UIInterfaceOrientationPortraitUpsideDown UIInterfaceOrientationLandscapeLeft UIInterfaceOrientationLandscapeRight";
				INFOPLIST_KEY_UISupportedInterfaceOrientations_iPhone = "UIInterfaceOrientationPortrait UIInterfaceOrientationLandscapeLeft UIInterfaceOrientationLandscapeRight";
				LD_RUNPATH_SEARCH_PATHS = (
					"$(inherited)",
					"@executable_path/Frameworks",
				);
				MARKETING_VERSION = 1.0;
				PRODUCT_BUNDLE_IDENTIFIER = com.Hoo.SwiftUIPractice;
				PRODUCT_NAME = "$(TARGET_NAME)";
				SWIFT_EMIT_LOC_STRINGS = YES;
				SWIFT_VERSION = 5.0;
				TARGETED_DEVICE_FAMILY = "1,2";
			};
			name = Debug;
		};
		FEEBC67028CDE6640027844F /* Release */ = {
			isa = XCBuildConfiguration;
			buildSettings = {
				ASSETCATALOG_COMPILER_APPICON_NAME = AppIcon;
				ASSETCATALOG_COMPILER_GLOBAL_ACCENT_COLOR_NAME = AccentColor;
				CODE_SIGN_STYLE = Automatic;
				CURRENT_PROJECT_VERSION = 1;
				DEVELOPMENT_ASSET_PATHS = "\"SwiftUIPractice/Preview Content\"";
				DEVELOPMENT_TEAM = NNJ9X2K872;
				ENABLE_PREVIEWS = YES;
				GENERATE_INFOPLIST_FILE = YES;
				INFOPLIST_KEY_UIApplicationSceneManifest_Generation = YES;
				INFOPLIST_KEY_UIApplicationSupportsIndirectInputEvents = YES;
				INFOPLIST_KEY_UILaunchScreen_Generation = YES;
				INFOPLIST_KEY_UISupportedInterfaceOrientations_iPad = "UIInterfaceOrientationPortrait UIInterfaceOrientationPortraitUpsideDown UIInterfaceOrientationLandscapeLeft UIInterfaceOrientationLandscapeRight";
				INFOPLIST_KEY_UISupportedInterfaceOrientations_iPhone = "UIInterfaceOrientationPortrait UIInterfaceOrientationLandscapeLeft UIInterfaceOrientationLandscapeRight";
				LD_RUNPATH_SEARCH_PATHS = (
					"$(inherited)",
					"@executable_path/Frameworks",
				);
				MARKETING_VERSION = 1.0;
				PRODUCT_BUNDLE_IDENTIFIER = com.Hoo.SwiftUIPractice;
				PRODUCT_NAME = "$(TARGET_NAME)";
				SWIFT_EMIT_LOC_STRINGS = YES;
				SWIFT_VERSION = 5.0;
				TARGETED_DEVICE_FAMILY = "1,2";
			};
			name = Release;
		};
/* End XCBuildConfiguration section */

/* Begin XCConfigurationList section */
		FEEBC65B28CDE6620027844F /* Build configuration list for PBXProject "SwiftUIPractice" */ = {
			isa = XCConfigurationList;
			buildConfigurations = (
				FEEBC66C28CDE6640027844F /* Debug */,
				FEEBC66D28CDE6640027844F /* Release */,
			);
			defaultConfigurationIsVisible = 0;
			defaultConfigurationName = Release;
		};
		FEEBC66E28CDE6640027844F /* Build configuration list for PBXNativeTarget "SwiftUIPractice" */ = {
			isa = XCConfigurationList;
			buildConfigurations = (
				FEEBC66F28CDE6640027844F /* Debug */,
				FEEBC67028CDE6640027844F /* Release */,
			);
			defaultConfigurationIsVisible = 0;
			defaultConfigurationName = Release;
		};
/* End XCConfigurationList section */
	};
	rootObject = FEEBC65828CDE6620027844F /* Project object */;
}
